
Microsoft Visual Studio Solution File, Format Version 12.00
# Visual Studio Version 17
VisualStudioVersion = 17.0.31903.59
MinimumVisualStudioVersion = 10.0.40219.1
Project("{2150E333-8FDC-42A3-9474-1A3956D46DE8}") = "src", "src", "{827E0CD3-B72D-47B6-A68D-7590B98EB39B}"
EndProject
Project("{FAE04EC0-301F-11D3-BF4B-00C04F79EFBC}") = "OLS.API", "src\OLS.API\OLS.API.csproj", "{FDF54264-4599-4C1C-BB6A-192B3D2911FE}"
EndProject
Project("{FAE04EC0-301F-11D3-BF4B-00C04F79EFBC}") = "OLS.Business", "src\OLS.Business\OLS.Business.csproj", "{62C11042-FD1B-45FA-B60C-F6B1605253F7}"
EndProject
Project("{FAE04EC0-301F-11D3-BF4B-00C04F79EFBC}") = "OLS.DataAccess", "src\OLS.DataAccess\OLS.DataAccess.csproj", "{6FFFDA00-9887-4367-9199-F191D7B5C31A}"
EndProject
Project("{2150E333-8FDC-42A3-9474-1A3956D46DE8}") = "tests", "tests", "{0AB3BF05-4346-4AA6-1389-037BE0695223}"
EndProject
Project("{FAE04EC0-301F-11D3-BF4B-00C04F79EFBC}") = "OLS.Business.Tests", "tests\OLS.Business.Tests\OLS.Business.Tests.csproj", "{A7C73C17-C363-49B6-B92B-AE07CC008C93}"
EndProject
Project("{FAE04EC0-301F-11D3-BF4B-00C04F79EFBC}") = "OLS.DataAccess.Tests", "tests\OLS.DataAccess.Tests\OLS.DataAccess.Tests.csproj", "{3B3DFD4A-A30F-4B25-9550-FA1F74F3100E}"
EndProject
Project("{FAE04EC0-301F-11D3-BF4B-00C04F79EFBC}") = "OLS.API.IntegrationTests", "tests\OLS.API.IntegrationTests\OLS.API.IntegrationTests.csproj", "{1BC6B08F-2421-48FC-92B0-2198360BF59A}"
EndProject
Global
	GlobalSection(SolutionConfigurationPlatforms) = preSolution
		Debug|Any CPU = Debug|Any CPU
		Debug|x64 = Debug|x64
		Debug|x86 = Debug|x86
		Release|Any CPU = Release|Any CPU
		Release|x64 = Release|x64
		Release|x86 = Release|x86
	EndGlobalSection
	GlobalSection(ProjectConfigurationPlatforms) = postSolution
		{FDF54264-4599-4C1C-BB6A-192B3D2911FE}.Debug|Any CPU.ActiveCfg = Debug|Any CPU
		{FDF54264-4599-4C1C-BB6A-192B3D2911FE}.Debug|Any CPU.Build.0 = Debug|Any CPU
		{FDF54264-4599-4C1C-BB6A-192B3D2911FE}.Debug|x64.ActiveCfg = Debug|Any CPU
		{FDF54264-4599-4C1C-BB6A-192B3D2911FE}.Debug|x64.Build.0 = Debug|Any CPU
		{FDF54264-4599-4C1C-BB6A-192B3D2911FE}.Debug|x86.ActiveCfg = Debug|Any CPU
		{FDF54264-4599-4C1C-BB6A-192B3D2911FE}.Debug|x86.Build.0 = Debug|Any CPU
		{FDF54264-4599-4C1C-BB6A-192B3D2911FE}.Release|Any CPU.ActiveCfg = Release|Any CPU
		{FDF54264-4599-4C1C-BB6A-192B3D2911FE}.Release|Any CPU.Build.0 = Release|Any CPU
		{FDF54264-4599-4C1C-BB6A-192B3D2911FE}.Release|x64.ActiveCfg = Release|Any CPU
		{FDF54264-4599-4C1C-BB6A-192B3D2911FE}.Release|x64.Build.0 = Release|Any CPU
		{FDF54264-4599-4C1C-BB6A-192B3D2911FE}.Release|x86.ActiveCfg = Release|Any CPU
		{FDF54264-4599-4C1C-BB6A-192B3D2911FE}.Release|x86.Build.0 = Release|Any CPU
		{62C11042-FD1B-45FA-B60C-F6B1605253F7}.Debug|Any CPU.ActiveCfg = Debug|Any CPU
		{62C11042-FD1B-45FA-B60C-F6B1605253F7}.Debug|Any CPU.Build.0 = Debug|Any CPU
		{62C11042-FD1B-45FA-B60C-F6B1605253F7}.Debug|x64.ActiveCfg = Debug|Any CPU
		{62C11042-FD1B-45FA-B60C-F6B1605253F7}.Debug|x64.Build.0 = Debug|Any CPU
		{62C11042-FD1B-45FA-B60C-F6B1605253F7}.Debug|x86.ActiveCfg = Debug|Any CPU
		{62C11042-FD1B-45FA-B60C-F6B1605253F7}.Debug|x86.Build.0 = Debug|Any CPU
		{62C11042-FD1B-45FA-B60C-F6B1605253F7}.Release|Any CPU.ActiveCfg = Release|Any CPU
		{62C11042-FD1B-45FA-B60C-F6B1605253F7}.Release|Any CPU.Build.0 = Release|Any CPU
		{62C11042-FD1B-45FA-B60C-F6B1605253F7}.Release|x64.ActiveCfg = Release|Any CPU
		{62C11042-FD1B-45FA-B60C-F6B1605253F7}.Release|x64.Build.0 = Release|Any CPU
		{62C11042-FD1B-45FA-B60C-F6B1605253F7}.Release|x86.ActiveCfg = Release|Any CPU
		{62C11042-FD1B-45FA-B60C-F6B1605253F7}.Release|x86.Build.0 = Release|Any CPU
		{6FFFDA00-9887-4367-9199-F191D7B5C31A}.Debug|Any CPU.ActiveCfg = Debug|Any CPU
		{6FFFDA00-9887-4367-9199-F191D7B5C31A}.Debug|Any CPU.Build.0 = Debug|Any CPU
		{6FFFDA00-9887-4367-9199-F191D7B5C31A}.Debug|x64.ActiveCfg = Debug|Any CPU
		{6FFFDA00-9887-4367-9199-F191D7B5C31A}.Debug|x64.Build.0 = Debug|Any CPU
		{6FFFDA00-9887-4367-9199-F191D7B5C31A}.Debug|x86.ActiveCfg = Debug|Any CPU
		{6FFFDA00-9887-4367-9199-F191D7B5C31A}.Debug|x86.Build.0 = Debug|Any CPU
		{6FFFDA00-9887-4367-9199-F191D7B5C31A}.Release|Any CPU.ActiveCfg = Release|Any CPU
		{6FFFDA00-9887-4367-9199-F191D7B5C31A}.Release|Any CPU.Build.0 = Release|Any CPU
		{6FFFDA00-9887-4367-9199-F191D7B5C31A}.Release|x64.ActiveCfg = Release|Any CPU
		{6FFFDA00-9887-4367-9199-F191D7B5C31A}.Release|x64.Build.0 = Release|Any CPU
		{6FFFDA00-9887-4367-9199-F191D7B5C31A}.Release|x86.ActiveCfg = Release|Any CPU
		{6FFFDA00-9887-4367-9199-F191D7B5C31A}.Release|x86.Build.0 = Release|Any CPU
		{A7C73C17-C363-49B6-B92B-AE07CC008C93}.Debug|Any CPU.ActiveCfg = Debug|Any CPU
		{A7C73C17-C363-49B6-B92B-AE07CC008C93}.Debug|Any CPU.Build.0 = Debug|Any CPU
		{A7C73C17-C363-49B6-B92B-AE07CC008C93}.Debug|x64.ActiveCfg = Debug|Any CPU
		{A7C73C17-C363-49B6-B92B-AE07CC008C93}.Debug|x64.Build.0 = Debug|Any CPU
		{A7C73C17-C363-49B6-B92B-AE07CC008C93}.Debug|x86.ActiveCfg = Debug|Any CPU
		{A7C73C17-C363-49B6-B92B-AE07CC008C93}.Debug|x86.Build.0 = Debug|Any CPU
		{A7C73C17-C363-49B6-B92B-AE07CC008C93}.Release|Any CPU.ActiveCfg = Release|Any CPU
		{A7C73C17-C363-49B6-B92B-AE07CC008C93}.Release|Any CPU.Build.0 = Release|Any CPU
		{A7C73C17-C363-49B6-B92B-AE07CC008C93}.Release|x64.ActiveCfg = Release|Any CPU
		{A7C73C17-C363-49B6-B92B-AE07CC008C93}.Release|x64.Build.0 = Release|Any CPU
		{A7C73C17-C363-49B6-B92B-AE07CC008C93}.Release|x86.ActiveCfg = Release|Any CPU
		{A7C73C17-C363-49B6-B92B-AE07CC008C93}.Release|x86.Build.0 = Release|Any CPU
		{3B3DFD4A-A30F-4B25-9550-FA1F74F3100E}.Debug|Any CPU.ActiveCfg = Debug|Any CPU
		{3B3DFD4A-A30F-4B25-9550-FA1F74F3100E}.Debug|Any CPU.Build.0 = Debug|Any CPU
		{3B3DFD4A-A30F-4B25-9550-FA1F74F3100E}.Debug|x64.ActiveCfg = Debug|Any CPU
		{3B3DFD4A-A30F-4B25-9550-FA1F74F3100E}.Debug|x64.Build.0 = Debug|Any CPU
		{3B3DFD4A-A30F-4B25-9550-FA1F74F3100E}.Debug|x86.ActiveCfg = Debug|Any CPU
		{3B3DFD4A-A30F-4B25-9550-FA1F74F3100E}.Debug|x86.Build.0 = Debug|Any CPU
		{3B3DFD4A-A30F-4B25-9550-FA1F74F3100E}.Release|Any CPU.ActiveCfg = Release|Any CPU
		{3B3DFD4A-A30F-4B25-9550-FA1F74F3100E}.Release|Any CPU.Build.0 = Release|Any CPU
		{3B3DFD4A-A30F-4B25-9550-FA1F74F3100E}.Release|x64.ActiveCfg = Release|Any CPU
		{3B3DFD4A-A30F-4B25-9550-FA1F74F3100E}.Release|x64.Build.0 = Release|Any CPU
		{3B3DFD4A-A30F-4B25-9550-FA1F74F3100E}.Release|x86.ActiveCfg = Release|Any CPU
		{3B3DFD4A-A30F-4B25-9550-FA1F74F3100E}.Release|x86.Build.0 = Release|Any CPU
		{1BC6B08F-2421-48FC-92B0-2198360BF59A}.Debug|Any CPU.ActiveCfg = Debug|Any CPU
		{1BC6B08F-2421-48FC-92B0-2198360BF59A}.Debug|Any CPU.Build.0 = Debug|Any CPU
		{1BC6B08F-2421-48FC-92B0-2198360BF59A}.Debug|x64.ActiveCfg = Debug|Any CPU
		{1BC6B08F-2421-48FC-92B0-2198360BF59A}.Debug|x64.Build.0 = Debug|Any CPU
		{1BC6B08F-2421-48FC-92B0-2198360BF59A}.Debug|x86.ActiveCfg = Debug|Any CPU
		{1BC6B08F-2421-48FC-92B0-2198360BF59A}.Debug|x86.Build.0 = Debug|Any CPU
		{1BC6B08F-2421-48FC-92B0-2198360BF59A}.Release|Any CPU.ActiveCfg = Release|Any CPU
		{1BC6B08F-2421-48FC-92B0-2198360BF59A}.Release|Any CPU.Build.0 = Release|Any CPU
		{1BC6B08F-2421-48FC-92B0-2198360BF59A}.Release|x64.ActiveCfg = Release|Any CPU
		{1BC6B08F-2421-48FC-92B0-2198360BF59A}.Release|x64.Build.0 = Release|Any CPU
		{1BC6B08F-2421-48FC-92B0-2198360BF59A}.Release|x86.ActiveCfg = Release|Any CPU
		{1BC6B08F-2421-48FC-92B0-2198360BF59A}.Release|x86.Build.0 = Release|Any CPU
	EndGlobalSection
	GlobalSection(SolutionProperties) = preSolution
		HideSolutionNode = FALSE
	EndGlobalSection
	GlobalSection(NestedProjects) = preSolution
		{FDF54264-4599-4C1C-BB6A-192B3D2911FE} = {827E0CD3-B72D-47B6-A68D-7590B98EB39B}
		{62C11042-FD1B-45FA-B60C-F6B1605253F7} = {827E0CD3-B72D-47B6-A68D-7590B98EB39B}
		{6FFFDA00-9887-4367-9199-F191D7B5C31A} = {827E0CD3-B72D-47B6-A68D-7590B98EB39B}
		{A7C73C17-C363-49B6-B92B-AE07CC008C93} = {0AB3BF05-4346-4AA6-1389-037BE0695223}
		{3B3DFD4A-A30F-4B25-9550-FA1F74F3100E} = {0AB3BF05-4346-4AA6-1389-037BE0695223}
		{1BC6B08F-2421-48FC-92B0-2198360BF59A} = {0AB3BF05-4346-4AA6-1389-037BE0695223}
	EndGlobalSection
EndGlobal
